// !$*UTF8*$!
{
	archiveVersion = 1;
	classes = {
	};
	objectVersion = 46;
	objects = {

/* Begin PBXBuildFile section */
		7C08831719875DCA00A6FB47 /* main.m in Sources */ = {isa = PBXBuildFile; fileRef = 7C08831619875DCA00A6FB47 /* main.m */; };
		7C08831A19875DCA00A6FB47 /* AppDelegate.m in Sources */ = {isa = PBXBuildFile; fileRef = 7C08831919875DCA00A6FB47 /* AppDelegate.m */; };
		7C08831D19875DCA00A6FB47 /* ViewController.m in Sources */ = {isa = PBXBuildFile; fileRef = 7C08831C19875DCA00A6FB47 /* ViewController.m */; };
		7C08832019875DCA00A6FB47 /* Main.storyboard in Resources */ = {isa = PBXBuildFile; fileRef = 7C08831E19875DCA00A6FB47 /* Main.storyboard */; };
		7C08832219875DCA00A6FB47 /* Images.xcassets in Resources */ = {isa = PBXBuildFile; fileRef = 7C08832119875DCA00A6FB47 /* Images.xcassets */; };
		7C08832E19875DCA00A6FB47 /* Age_of_LaikaTests.m in Sources */ = {isa = PBXBuildFile; fileRef = 7C08832D19875DCA00A6FB47 /* Age_of_LaikaTests.m */; };
		7C08833819876EFB00A6FB47 /* laika.jpeg in Resources */ = {isa = PBXBuildFile; fileRef = 7C08833719876EFB00A6FB47 /* laika.jpeg */; };
/* End PBXBuildFile section */

/* Begin PBXContainerItemProxy section */
		7C08832819875DCA00A6FB47 /* PBXContainerItemProxy */ = {
			isa = PBXContainerItemProxy;
			containerPortal = 7C08830919875DCA00A6FB47 /* Project object */;
			proxyType = 1;
			remoteGlobalIDString = 7C08831019875DCA00A6FB47;
			remoteInfo = "Age of Laika";
		};
/* End PBXContainerItemProxy section */

/* Begin PBXFileReference section */
		7C08831119875DCA00A6FB47 /* Age of Laika.app */ = {isa = PBXFileReference; explicitFileType = wrapper.application; includeInIndex = 0; path = "Age of Laika.app"; sourceTree = BUILT_PRODUCTS_DIR; };
		7C08831519875DCA00A6FB47 /* Info.plist */ = {isa = PBXFileReference; lastKnownFileType = text.plist.xml; path = Info.plist; sourceTree = "<group>"; };
		7C08831619875DCA00A6FB47 /* main.m */ = {isa = PBXFileReference; lastKnownFileType = sourcecode.c.objc; path = main.m; sourceTree = "<group>"; };
		7C08831819875DCA00A6FB47 /* AppDelegate.h */ = {isa = PBXFileReference; lastKnownFileType = sourcecode.c.h; path = AppDelegate.h; sourceTree = "<group>"; };
		7C08831919875DCA00A6FB47 /* AppDelegate.m */ = {isa = PBXFileReference; lastKnownFileType = sourcecode.c.objc; path = AppDelegate.m; sourceTree = "<group>"; };
		7C08831B19875DCA00A6FB47 /* ViewController.h */ = {isa = PBXFileReference; lastKnownFileType = sourcecode.c.h; path = ViewController.h; sourceTree = "<group>"; };
		7C08831C19875DCA00A6FB47 /* ViewController.m */ = {isa = PBXFileReference; lastKnownFileType = sourcecode.c.objc; path = ViewController.m; sourceTree = "<group>"; };
		7C08831F19875DCA00A6FB47 /* Base */ = {isa = PBXFileReference; lastKnownFileType = file.storyboard; name = Base; path = Base.lproj/Main.storyboard; sourceTree = "<group>"; };
		7C08832119875DCA00A6FB47 /* Images.xcassets */ = {isa = PBXFileReference; lastKnownFileType = folder.assetcatalog; path = Images.xcassets; sourceTree = "<group>"; };
		7C08832719875DCA00A6FB47 /* Age of LaikaTests.xctest */ = {isa = PBXFileReference; explicitFileType = wrapper.cfbundle; includeInIndex = 0; path = "Age of LaikaTests.xctest"; sourceTree = BUILT_PRODUCTS_DIR; };
		7C08832C19875DCA00A6FB47 /* Info.plist */ = {isa = PBXFileReference; lastKnownFileType = text.plist.xml; path = Info.plist; sourceTree = "<group>"; };
		7C08832D19875DCA00A6FB47 /* Age_of_LaikaTests.m */ = {isa = PBXFileReference; lastKnownFileType = sourcecode.c.objc; path = Age_of_LaikaTests.m; sourceTree = "<group>"; };
		7C08833719876EFB00A6FB47 /* laika.jpeg */ = {isa = PBXFileReference; lastKnownFileType = image.jpeg; path = laika.jpeg; sourceTree = "<group>"; };
/* End PBXFileReference section */

/* Begin PBXFrameworksBuildPhase section */
		7C08830E19875DCA00A6FB47 /* Frameworks */ = {
			isa = PBXFrameworksBuildPhase;
			buildActionMask = 2147483647;
			files = (
			);
			runOnlyForDeploymentPostprocessing = 0;
		};
		7C08832419875DCA00A6FB47 /* Frameworks */ = {
			isa = PBXFrameworksBuildPhase;
			buildActionMask = 2147483647;
			files = (
			);
			runOnlyForDeploymentPostprocessing = 0;
		};
/* End PBXFrameworksBuildPhase section */

/* Begin PBXGroup section */
		7C08830819875DCA00A6FB47 = {
			isa = PBXGroup;
			children = (
				7C08831319875DCA00A6FB47 /* Age of Laika */,
				7C08832A19875DCA00A6FB47 /* Age of LaikaTests */,
				7C08831219875DCA00A6FB47 /* Products */,
			);
			sourceTree = "<group>";
		};
		7C08831219875DCA00A6FB47 /* Products */ = {
			isa = PBXGroup;
			children = (
				7C08831119875DCA00A6FB47 /* Age of Laika.app */,
				7C08832719875DCA00A6FB47 /* Age of LaikaTests.xctest */,
			);
			name = Products;
			sourceTree = "<group>";
		};
		7C08831319875DCA00A6FB47 /* Age of Laika */ = {
			isa = PBXGroup;
			children = (
				7C08831819875DCA00A6FB47 /* AppDelegate.h */,
				7C08831919875DCA00A6FB47 /* AppDelegate.m */,
				7C08831B19875DCA00A6FB47 /* ViewController.h */,
				7C08831C19875DCA00A6FB47 /* ViewController.m */,
				7C08831E19875DCA00A6FB47 /* Main.storyboard */,
				7C08832119875DCA00A6FB47 /* Images.xcassets */,
				7C08831419875DCA00A6FB47 /* Supporting Files */,
			);
			path = "Age of Laika";
			sourceTree = "<group>";
		};
		7C08831419875DCA00A6FB47 /* Supporting Files */ = {
			isa = PBXGroup;
			children = (
				7C08833719876EFB00A6FB47 /* laika.jpeg */,
				7C08831519875DCA00A6FB47 /* Info.plist */,
				7C08831619875DCA00A6FB47 /* main.m */,
			);
			name = "Supporting Files";
			sourceTree = "<group>";
		};
		7C08832A19875DCA00A6FB47 /* Age of LaikaTests */ = {
			isa = PBXGroup;
			children = (
				7C08832D19875DCA00A6FB47 /* Age_of_LaikaTests.m */,
				7C08832B19875DCA00A6FB47 /* Supporting Files */,
			);
			path = "Age of LaikaTests";
			sourceTree = "<group>";
		};
		7C08832B19875DCA00A6FB47 /* Supporting Files */ = {
			isa = PBXGroup;
			children = (
				7C08832C19875DCA00A6FB47 /* Info.plist */,
			);
			name = "Supporting Files";
			sourceTree = "<group>";
		};
/* End PBXGroup section */

/* Begin PBXNativeTarget section */
		7C08831019875DCA00A6FB47 /* Age of Laika */ = {
			isa = PBXNativeTarget;
			buildConfigurationList = 7C08833119875DCA00A6FB47 /* Build configuration list for PBXNativeTarget "Age of Laika" */;
			buildPhases = (
				7C08830D19875DCA00A6FB47 /* Sources */,
				7C08830E19875DCA00A6FB47 /* Frameworks */,
				7C08830F19875DCA00A6FB47 /* Resources */,
			);
			buildRules = (
			);
			dependencies = (
			);
			name = "Age of Laika";
			productName = "Age of Laika";
			productReference = 7C08831119875DCA00A6FB47 /* Age of Laika.app */;
			productType = "com.apple.product-type.application";
		};
		7C08832619875DCA00A6FB47 /* Age of LaikaTests */ = {
			isa = PBXNativeTarget;
			buildConfigurationList = 7C08833419875DCA00A6FB47 /* Build configuration list for PBXNativeTarget "Age of LaikaTests" */;
			buildPhases = (
				7C08832319875DCA00A6FB47 /* Sources */,
				7C08832419875DCA00A6FB47 /* Frameworks */,
				7C08832519875DCA00A6FB47 /* Resources */,
			);
			buildRules = (
			);
			dependencies = (
				7C08832919875DCA00A6FB47 /* PBXTargetDependency */,
			);
			name = "Age of LaikaTests";
			productName = "Age of LaikaTests";
			productReference = 7C08832719875DCA00A6FB47 /* Age of LaikaTests.xctest */;
			productType = "com.apple.product-type.bundle.unit-test";
		};
/* End PBXNativeTarget section */

/* Begin PBXProject section */
		7C08830919875DCA00A6FB47 /* Project object */ = {
			isa = PBXProject;
			attributes = {
				LastUpgradeCheck = 0600;
				ORGANIZATIONNAME = Reque.st;
				TargetAttributes = {
					7C08831019875DCA00A6FB47 = {
						CreatedOnToolsVersion = 6.0;
					};
					7C08832619875DCA00A6FB47 = {
						CreatedOnToolsVersion = 6.0;
						TestTargetID = 7C08831019875DCA00A6FB47;
					};
				};
			};
			buildConfigurationList = 7C08830C19875DCA00A6FB47 /* Build configuration list for PBXProject "Age of Laika" */;
			compatibilityVersion = "Xcode 3.2";
			developmentRegion = English;
			hasScannedForEncodings = 0;
			knownRegions = (
				en,
				Base,
			);
			mainGroup = 7C08830819875DCA00A6FB47;
			productRefGroup = 7C08831219875DCA00A6FB47 /* Products */;
			projectDirPath = "";
			projectRoot = "";
			targets = (
				7C08831019875DCA00A6FB47 /* Age of Laika */,
				7C08832619875DCA00A6FB47 /* Age of LaikaTests */,
			);
		};
/* End PBXProject section */

/* Begin PBXResourcesBuildPhase section */
		7C08830F19875DCA00A6FB47 /* Resources */ = {
			isa = PBXResourcesBuildPhase;
			buildActionMask = 2147483647;
			files = (
				7C08832019875DCA00A6FB47 /* Main.storyboard in Resources */,
				7C08832219875DCA00A6FB47 /* Images.xcassets in Resources */,
				7C08833819876EFB00A6FB47 /* laika.jpeg in Resources */,
			);
			runOnlyForDeploymentPostprocessing = 0;
		};
		7C08832519875DCA00A6FB47 /* Resources */ = {
			isa = PBXResourcesBuildPhase;
			buildActionMask = 2147483647;
			files = (
			);
			runOnlyForDeploymentPostprocessing = 0;
		};
/* End PBXResourcesBuildPhase section */

/* Begin PBXSourcesBuildPhase section */
		7C08830D19875DCA00A6FB47 /* Sources */ = {
			isa = PBXSourcesBuildPhase;
			buildActionMask = 2147483647;
			files = (
				7C08831D19875DCA00A6FB47 /* ViewController.m in Sources */,
				7C08831A19875DCA00A6FB47 /* AppDelegate.m in Sources */,
				7C08831719875DCA00A6FB47 /* main.m in Sources */,
			);
			runOnlyForDeploymentPostprocessing = 0;
		};
		7C08832319875DCA00A6FB47 /* Sources */ = {
			isa = PBXSourcesBuildPhase;
			buildActionMask = 2147483647;
			files = (
				7C08832E19875DCA00A6FB47 /* Age_of_LaikaTests.m in Sources */,
			);
			runOnlyForDeploymentPostprocessing = 0;
		};
/* End PBXSourcesBuildPhase section */

/* Begin PBXTargetDependency section */
		7C08832919875DCA00A6FB47 /* PBXTargetDependency */ = {
			isa = PBXTargetDependency;
			target = 7C08831019875DCA00A6FB47 /* Age of Laika */;
			targetProxy = 7C08832819875DCA00A6FB47 /* PBXContainerItemProxy */;
		};
/* End PBXTargetDependency section */

/* Begin PBXVariantGroup section */
		7C08831E19875DCA00A6FB47 /* Main.storyboard */ = {
			isa = PBXVariantGroup;
			children = (
				7C08831F19875DCA00A6FB47 /* Base */,
			);
			name = Main.storyboard;
			sourceTree = "<group>";
		};
/* End PBXVariantGroup section */

/* Begin XCBuildConfiguration section */
		7C08832F19875DCA00A6FB47 /* Debug */ = {
			isa = XCBuildConfiguration;
			buildSettings = {
				ALWAYS_SEARCH_USER_PATHS = NO;
				CLANG_CXX_LANGUAGE_STANDARD = "gnu++0x";
				CLANG_CXX_LIBRARY = "libc++";
				CLANG_ENABLE_MODULES = YES;
				CLANG_ENABLE_OBJC_ARC = YES;
				CLANG_WARN_BOOL_CONVERSION = YES;
				CLANG_WARN_CONSTANT_CONVERSION = YES;
				CLANG_WARN_DIRECT_OBJC_ISA_USAGE = YES_ERROR;
				CLANG_WARN_EMPTY_BODY = YES;
				CLANG_WARN_ENUM_CONVERSION = YES;
				CLANG_WARN_INT_CONVERSION = YES;
				CLANG_WARN_OBJC_ROOT_CLASS = YES_ERROR;
				CLANG_WARN_UNREACHABLE_CODE = YES;
				CLANG_WARN__DUPLICATE_METHOD_MATCH = YES;
				"CODE_SIGN_IDENTITY[sdk=iphoneos*]" = "iPhone Developer";
				COPY_PHASE_STRIP = NO;
				ENABLE_STRICT_OBJC_MSGSEND = YES;
				GCC_C_LANGUAGE_STANDARD = gnu99;
				GCC_DYNAMIC_NO_PIC = NO;
				GCC_OPTIMIZATION_LEVEL = 0;
				GCC_PREPROCESSOR_DEFINITIONS = (
					"DEBUG=1",
					"$(inherited)",
				);
				GCC_SYMBOLS_PRIVATE_EXTERN = NO;
				GCC_WARN_64_TO_32_BIT_CONVERSION = YES;
				GCC_WARN_ABOUT_RETURN_TYPE = YES_ERROR;
				GCC_WARN_UNDECLARED_SELECTOR = YES;
				GCC_WARN_UNINITIALIZED_AUTOS = YES_AGGRESSIVE;
				GCC_WARN_UNUSED_FUNCTION = YES;
				GCC_WARN_UNUSED_VARIABLE = YES;
				IPHONEOS_DEPLOYMENT_TARGET = 8.0;
				MTL_ENABLE_DEBUG_INFO = YES;
				ONLY_ACTIVE_ARCH = YES;
				SDKROOT = iphoneos;
			};
			name = Debug;
		};
		7C08833019875DCA00A6FB47 /* Release */ = {
			isa = XCBuildConfiguration;
			buildSettings = {
				ALWAYS_SEARCH_USER_PATHS = NO;
				CLANG_CXX_LANGUAGE_STANDARD = "gnu++0x";
				CLANG_CXX_LIBRARY = "libc++";
				CLANG_ENABLE_MODULES = YES;
				CLANG_ENABLE_OBJC_ARC = YES;
				CLANG_WARN_BOOL_CONVERSION = YES;
				CLANG_WARN_CONSTANT_CONVERSION = YES;
				CLANG_WARN_DIRECT_OBJC_ISA_USAGE = YES_ERROR;
				CLANG_WARN_EMPTY_BODY = YES;
				CLANG_WARN_ENUM_CONVERSION = YES;
				CLANG_WARN_INT_CONVERSION = YES;
				CLANG_WARN_OBJC_ROOT_CLASS = YES_ERROR;
				CLANG_WARN_UNREACHABLE_CODE = YES;
				CLANG_WARN__DUPLICATE_METHOD_MATCH = YES;
				"CODE_SIGN_IDENTITY[sdk=iphoneos*]" = "iPhone Developer";
				COPY_PHASE_STRIP = YES;
				ENABLE_NS_ASSERTIONS = NO;
				ENABLE_STRICT_OBJC_MSGSEND = YES;
				GCC_C_LANGUAGE_STANDARD = gnu99;
				GCC_WARN_64_TO_32_BIT_CONVERSION = YES;
				GCC_WARN_ABOUT_RETURN_TYPE = YES_ERROR;
				GCC_WARN_UNDECLARED_SELECTOR = YES;
				GCC_WARN_UNINITIALIZED_AUTOS = YES_AGGRESSIVE;
				GCC_WARN_UNUSED_FUNCTION = YES;
				GCC_WARN_UNUSED_VARIABLE = YES;
				IPHONEOS_DEPLOYMENT_TARGET = 8.0;
				MTL_ENABLE_DEBUG_INFO = NO;
				SDKROOT = iphoneos;
				VALIDATE_PRODUCT = YES;
			};
			name = Release;
		};
		7C08833219875DCA00A6FB47 /* Debug */ = {
			isa = XCBuildConfiguration;
			buildSettings = {
				ASSETCATALOG_COMPILER_APPICON_NAME = AppIcon;
				ASSETCATALOG_COMPILER_LAUNCHIMAGE_NAME = LaunchImage;
				INFOPLIST_FILE = "Age of Laika/Info.plist";
				LD_RUNPATH_SEARCH_PATHS = "$(inherited) @executable_path/Frameworks";
				PRODUCT_NAME = "$(TARGET_NAME)";
			};
			name = Debug;
		};
		7C08833319875DCA00A6FB47 /* Release */ = {
			isa = XCBuildConfiguration;
			buildSettings = {
				ASSETCATALOG_COMPILER_APPICON_NAME = AppIcon;
				ASSETCATALOG_COMPILER_LAUNCHIMAGE_NAME = LaunchImage;
				INFOPLIST_FILE = "Age of Laika/Info.plist";
				LD_RUNPATH_SEARCH_PATHS = "$(inherited) @executable_path/Frameworks";
				PRODUCT_NAME = "$(TARGET_NAME)";
			};
			name = Release;
		};
		7C08833519875DCA00A6FB47 /* Debug */ = {
			isa = XCBuildConfiguration;
			buildSettings = {
				BUNDLE_LOADER = "$(BUILT_PRODUCTS_DIR)/Age of Laika.app/Age of Laika";
				FRAMEWORK_SEARCH_PATHS = (
					"$(SDKROOT)/Developer/Library/Frameworks",
					"$(inherited)",
				);
				GCC_PREPROCESSOR_DEFINITIONS = (
					"DEBUG=1",
					"$(inherited)",
				);
				INFOPLIST_FILE = "Age of LaikaTests/Info.plist";
				LD_RUNPATH_SEARCH_PATHS = "$(inherited) @executable_path/Frameworks @loader_path/Frameworks";
				PRODUCT_NAME = "$(TARGET_NAME)";
				TEST_HOST = "$(BUNDLE_LOADER)";
			};
			name = Debug;
		};
		7C08833619875DCA00A6FB47 /* Release */ = {
			isa = XCBuildConfiguration;
			buildSettings = {
				BUNDLE_LOADER = "$(BUILT_PRODUCTS_DIR)/Age of Laika.app/Age of Laika";
				FRAMEWORK_SEARCH_PATHS = (
					"$(SDKROOT)/Developer/Library/Frameworks",
					"$(inherited)",
				);
				INFOPLIST_FILE = "Age of LaikaTests/Info.plist";
				LD_RUNPATH_SEARCH_PATHS = "$(inherited) @executable_path/Frameworks @loader_path/Frameworks";
				PRODUCT_NAME = "$(TARGET_NAME)";
				TEST_HOST = "$(BUNDLE_LOADER)";
			};
			name = Release;
		};
/* End XCBuildConfiguration section */

/* Begin XCConfigurationList section */
		7C08830C19875DCA00A6FB47 /* Build configuration list for PBXProject "Age of Laika" */ = {
			isa = XCConfigurationList;
			buildConfigurations = (
				7C08832F19875DCA00A6FB47 /* Debug */,
				7C08833019875DCA00A6FB47 /* Release */,
			);
			defaultConfigurationIsVisible = 0;
			defaultConfigurationName = Release;
		};
		7C08833119875DCA00A6FB47 /* Build configuration list for PBXNativeTarget "Age of Laika" */ = {
			isa = XCConfigurationList;
			buildConfigurations = (
				7C08833219875DCA00A6FB47 /* Debug */,
				7C08833319875DCA00A6FB47 /* Release */,
			);
			defaultConfigurationIsVisible = 0;
		};
		7C08833419875DCA00A6FB47 /* Build configuration list for PBXNativeTarget "Age of LaikaTests" */ = {
			isa = XCConfigurationList;
			buildConfigurations = (
				7C08833519875DCA00A6FB47 /* Debug */,
				7C08833619875DCA00A6FB47 /* Release */,
			);
			defaultConfigurationIsVisible = 0;
		};
/* End XCConfigurationList section */
	};
	rootObject = 7C08830919875DCA00A6FB47 /* Project object */;
}
